
Microsoft Visual Studio Solution File, Format Version 12.00
# Visual Studio 15
VisualStudioVersion = 15.0.27130.2027
MinimumVisualStudioVersion = 10.0.40219.1
Project("{FAE04EC0-301F-11D3-BF4B-00C04F79EFBC}") = "WCF_GuessWordClient", "WCF_GuessWordClient\WCF_GuessWordClient.csproj", "{FA9EC372-951B-420F-9B5B-FD10FE61DF74}"
EndProject
Global
	GlobalSection(SolutionConfigurationPlatforms) = preSolution
		Debug|Any CPU = Debug|Any CPU
		Release|Any CPU = Release|Any CPU
	EndGlobalSection
	GlobalSection(ProjectConfigurationPlatforms) = postSolution
		{FA9EC372-951B-420F-9B5B-FD10FE61DF74}.Debug|Any CPU.ActiveCfg = Debug|Any CPU
		{FA9EC372-951B-420F-9B5B-FD10FE61DF74}.Debug|Any CPU.Build.0 = Debug|Any CPU
		{FA9EC372-951B-420F-9B5B-FD10FE61DF74}.Release|Any CPU.ActiveCfg = Release|Any CPU
		{FA9EC372-951B-420F-9B5B-FD10FE61DF74}.Release|Any CPU.Build.0 = Release|Any CPU
	EndGlobalSection
	GlobalSection(SolutionProperties) = preSolution
		HideSolutionNode = FALSE
	EndGlobalSection
	GlobalSection(ExtensibilityGlobals) = postSolution
		SolutionGuid = {6A3B22AE-3126-45F2-8434-A16DA8349278}
	EndGlobalSection
EndGlobal
