
Microsoft Visual Studio Solution File, Format Version 12.00
# Visual Studio 15
VisualStudioVersion = 15.0.27004.2005
MinimumVisualStudioVersion = 10.0.40219.1
Project("{FAE04EC0-301F-11D3-BF4B-00C04F79EFBC}") = "wpfhwWorkerListBox", "wpfhwWorkerListBox\wpfhwWorkerListBox.csproj", "{4C3F93E3-05C1-426A-8091-9DD87571A4D7}"
EndProject
Global
	GlobalSection(SolutionConfigurationPlatforms) = preSolution
		Debug|Any CPU = Debug|Any CPU
		Release|Any CPU = Release|Any CPU
	EndGlobalSection
	GlobalSection(ProjectConfigurationPlatforms) = postSolution
		{4C3F93E3-05C1-426A-8091-9DD87571A4D7}.Debug|Any CPU.ActiveCfg = Debug|Any CPU
		{4C3F93E3-05C1-426A-8091-9DD87571A4D7}.Debug|Any CPU.Build.0 = Debug|Any CPU
		{4C3F93E3-05C1-426A-8091-9DD87571A4D7}.Release|Any CPU.ActiveCfg = Release|Any CPU
		{4C3F93E3-05C1-426A-8091-9DD87571A4D7}.Release|Any CPU.Build.0 = Release|Any CPU
	EndGlobalSection
	GlobalSection(SolutionProperties) = preSolution
		HideSolutionNode = FALSE
	EndGlobalSection
	GlobalSection(ExtensibilityGlobals) = postSolution
		SolutionGuid = {245C87DA-F642-4AAC-B202-2EA2E7A7170C}
	EndGlobalSection
EndGlobal
