
Microsoft Visual Studio Solution File, Format Version 12.00
# Visual Studio 14
VisualStudioVersion = 14.0.25420.1
MinimumVisualStudioVersion = 10.0.40219.1
Project("{FAE04EC0-301F-11D3-BF4B-00C04F79EFBC}") = "wpfles10Styles", "wpfles10Styles\wpfles10Styles.csproj", "{3912B86C-0F1E-48E5-AFB0-21D398BBE400}"
EndProject
Global
	GlobalSection(SolutionConfigurationPlatforms) = preSolution
		Debug|Any CPU = Debug|Any CPU
		Release|Any CPU = Release|Any CPU
	EndGlobalSection
	GlobalSection(ProjectConfigurationPlatforms) = postSolution
		{3912B86C-0F1E-48E5-AFB0-21D398BBE400}.Debug|Any CPU.ActiveCfg = Debug|Any CPU
		{3912B86C-0F1E-48E5-AFB0-21D398BBE400}.Debug|Any CPU.Build.0 = Debug|Any CPU
		{3912B86C-0F1E-48E5-AFB0-21D398BBE400}.Release|Any CPU.ActiveCfg = Release|Any CPU
		{3912B86C-0F1E-48E5-AFB0-21D398BBE400}.Release|Any CPU.Build.0 = Release|Any CPU
	EndGlobalSection
	GlobalSection(SolutionProperties) = preSolution
		HideSolutionNode = FALSE
	EndGlobalSection
EndGlobal
