
Microsoft Visual Studio Solution File, Format Version 12.00
# Visual Studio 15
VisualStudioVersion = 15.0.27004.2005
MinimumVisualStudioVersion = 10.0.40219.1
Project("{FAE04EC0-301F-11D3-BF4B-00C04F79EFBC}") = "hwFilms", "hwFilms\hwFilms.csproj", "{BA3DD5D5-0A1C-466F-82C0-0D206CBAD28B}"
EndProject
Global
	GlobalSection(SolutionConfigurationPlatforms) = preSolution
		Debug|Any CPU = Debug|Any CPU
		Release|Any CPU = Release|Any CPU
	EndGlobalSection
	GlobalSection(ProjectConfigurationPlatforms) = postSolution
		{BA3DD5D5-0A1C-466F-82C0-0D206CBAD28B}.Debug|Any CPU.ActiveCfg = Debug|Any CPU
		{BA3DD5D5-0A1C-466F-82C0-0D206CBAD28B}.Debug|Any CPU.Build.0 = Debug|Any CPU
		{BA3DD5D5-0A1C-466F-82C0-0D206CBAD28B}.Release|Any CPU.ActiveCfg = Release|Any CPU
		{BA3DD5D5-0A1C-466F-82C0-0D206CBAD28B}.Release|Any CPU.Build.0 = Release|Any CPU
	EndGlobalSection
	GlobalSection(SolutionProperties) = preSolution
		HideSolutionNode = FALSE
	EndGlobalSection
	GlobalSection(ExtensibilityGlobals) = postSolution
		SolutionGuid = {4859519F-7614-4EBA-B4F5-A805D82A5239}
	EndGlobalSection
EndGlobal
