
Microsoft Visual Studio Solution File, Format Version 12.00
# Visual Studio 15
VisualStudioVersion = 15.0.27004.2005
MinimumVisualStudioVersion = 10.0.40219.1
Project("{FAE04EC0-301F-11D3-BF4B-00C04F79EFBC}") = "DbFactoryhw", "DbFactoryhw\DbFactoryhw.csproj", "{77BF80D5-0791-408D-8B9C-9D14D01A9842}"
EndProject
Global
	GlobalSection(SolutionConfigurationPlatforms) = preSolution
		Debug|Any CPU = Debug|Any CPU
		Release|Any CPU = Release|Any CPU
	EndGlobalSection
	GlobalSection(ProjectConfigurationPlatforms) = postSolution
		{77BF80D5-0791-408D-8B9C-9D14D01A9842}.Debug|Any CPU.ActiveCfg = Debug|Any CPU
		{77BF80D5-0791-408D-8B9C-9D14D01A9842}.Debug|Any CPU.Build.0 = Debug|Any CPU
		{77BF80D5-0791-408D-8B9C-9D14D01A9842}.Release|Any CPU.ActiveCfg = Release|Any CPU
		{77BF80D5-0791-408D-8B9C-9D14D01A9842}.Release|Any CPU.Build.0 = Release|Any CPU
	EndGlobalSection
	GlobalSection(SolutionProperties) = preSolution
		HideSolutionNode = FALSE
	EndGlobalSection
	GlobalSection(ExtensibilityGlobals) = postSolution
		SolutionGuid = {08B585D8-1AFC-4AE5-B52C-3EFF02100A7A}
	EndGlobalSection
EndGlobal
