
Microsoft Visual Studio Solution File, Format Version 12.00
# Visual Studio 15
VisualStudioVersion = 15.0.27004.2005
MinimumVisualStudioVersion = 10.0.40219.1
Project("{FAE04EC0-301F-11D3-BF4B-00C04F79EFBC}") = "ClientCalc", "ClientCalc\ClientCalc.csproj", "{1C6E2003-1E1F-49AB-B0F6-C1D8528BEE07}"
EndProject
Global
	GlobalSection(SolutionConfigurationPlatforms) = preSolution
		Debug|Any CPU = Debug|Any CPU
		Release|Any CPU = Release|Any CPU
	EndGlobalSection
	GlobalSection(ProjectConfigurationPlatforms) = postSolution
		{1C6E2003-1E1F-49AB-B0F6-C1D8528BEE07}.Debug|Any CPU.ActiveCfg = Debug|Any CPU
		{1C6E2003-1E1F-49AB-B0F6-C1D8528BEE07}.Debug|Any CPU.Build.0 = Debug|Any CPU
		{1C6E2003-1E1F-49AB-B0F6-C1D8528BEE07}.Release|Any CPU.ActiveCfg = Release|Any CPU
		{1C6E2003-1E1F-49AB-B0F6-C1D8528BEE07}.Release|Any CPU.Build.0 = Release|Any CPU
	EndGlobalSection
	GlobalSection(SolutionProperties) = preSolution
		HideSolutionNode = FALSE
	EndGlobalSection
	GlobalSection(ExtensibilityGlobals) = postSolution
		SolutionGuid = {3A0ED6FD-C93B-4AD9-A597-41E58A1BC13D}
	EndGlobalSection
EndGlobal
