
Microsoft Visual Studio Solution File, Format Version 12.00
# Visual Studio 15
VisualStudioVersion = 15.0.27004.2005
MinimumVisualStudioVersion = 10.0.40219.1
Project("{FAE04EC0-301F-11D3-BF4B-00C04F79EFBC}") = "hw8menu", "hw8menu\hw8menu.csproj", "{A3948DEE-DE05-441C-B13F-A1FF74677F24}"
EndProject
Global
	GlobalSection(SolutionConfigurationPlatforms) = preSolution
		Debug|Any CPU = Debug|Any CPU
		Release|Any CPU = Release|Any CPU
	EndGlobalSection
	GlobalSection(ProjectConfigurationPlatforms) = postSolution
		{A3948DEE-DE05-441C-B13F-A1FF74677F24}.Debug|Any CPU.ActiveCfg = Debug|Any CPU
		{A3948DEE-DE05-441C-B13F-A1FF74677F24}.Debug|Any CPU.Build.0 = Debug|Any CPU
		{A3948DEE-DE05-441C-B13F-A1FF74677F24}.Release|Any CPU.ActiveCfg = Release|Any CPU
		{A3948DEE-DE05-441C-B13F-A1FF74677F24}.Release|Any CPU.Build.0 = Release|Any CPU
	EndGlobalSection
	GlobalSection(SolutionProperties) = preSolution
		HideSolutionNode = FALSE
	EndGlobalSection
	GlobalSection(ExtensibilityGlobals) = postSolution
		SolutionGuid = {0D605D02-3223-4471-8086-512EAE33D848}
	EndGlobalSection
EndGlobal
