
Microsoft Visual Studio Solution File, Format Version 12.00
# Visual Studio 15
VisualStudioVersion = 15.0.27004.2005
MinimumVisualStudioVersion = 10.0.40219.1
Project("{FAE04EC0-301F-11D3-BF4B-00C04F79EFBC}") = "search", "search\search.csproj", "{DFA73787-7121-4036-B09E-5F27E2484EE0}"
EndProject
Global
	GlobalSection(SolutionConfigurationPlatforms) = preSolution
		Debug|Any CPU = Debug|Any CPU
		Release|Any CPU = Release|Any CPU
	EndGlobalSection
	GlobalSection(ProjectConfigurationPlatforms) = postSolution
		{DFA73787-7121-4036-B09E-5F27E2484EE0}.Debug|Any CPU.ActiveCfg = Debug|Any CPU
		{DFA73787-7121-4036-B09E-5F27E2484EE0}.Debug|Any CPU.Build.0 = Debug|Any CPU
		{DFA73787-7121-4036-B09E-5F27E2484EE0}.Release|Any CPU.ActiveCfg = Release|Any CPU
		{DFA73787-7121-4036-B09E-5F27E2484EE0}.Release|Any CPU.Build.0 = Release|Any CPU
	EndGlobalSection
	GlobalSection(SolutionProperties) = preSolution
		HideSolutionNode = FALSE
	EndGlobalSection
	GlobalSection(ExtensibilityGlobals) = postSolution
		SolutionGuid = {0FA5346F-4CC2-4EF3-854A-4D1C970E129C}
	EndGlobalSection
EndGlobal
